// !$*UTF8*$!
{
	archiveVersion = 1;
	classes = {
	};
	objectVersion = 77;
	objects = {

/* Begin PBXBuildFile section */
		A10000000000000000000081 /* MarkdownCore in Frameworks */ = {isa = PBXBuildFile; productRef = A10000000000000000000091 /* MarkdownCore */; };
		A10000000000000000000082 /* WebAssets in Frameworks */ = {isa = PBXBuildFile; productRef = A10000000000000000000092 /* WebAssets */; };
		A10000000000000000000083 /* MacDown2QuickLook.appex in Embed Foundation Extensions */ = {isa = PBXBuildFile; fileRef = A10000000000000000000084 /* MacDown2QuickLook.appex */; settings = {ATTRIBUTES = (RemoveHeadersOnCopy, ); }; };
		A10000000000000000000001 /* MarkdownCore in Frameworks */ = {isa = PBXBuildFile; productRef = A10000000000000000000021 /* MarkdownCore */; };
		A10000000000000000000002 /* WebAssets in Frameworks */ = {isa = PBXBuildFile; productRef = A10000000000000000000022 /* WebAssets */; };
		A10000000000000000000003 /* ExtensionAPI in Frameworks */ = {isa = PBXBuildFile; productRef = A10000000000000000000023 /* ExtensionAPI */; };
		A10000000000000000000004 /* EditorKit in Frameworks */ = {isa = PBXBuildFile; productRef = A10000000000000000000027 /* EditorKit */; };
		A10000000000000000000094 /* Sparkle in Frameworks */ = {isa = PBXBuildFile; productRef = A10000000000000000000093 /* Sparkle */; };
		A10000000000000000000005 /* QuartoExtension in Frameworks */ = {isa = PBXBuildFile; productRef = A1000000000000000000002A /* QuartoExtension */; };
		A10000000000000000000098 /* WorkspaceKit in Frameworks */ = {isa = PBXBuildFile; productRef = A10000000000000000000097 /* WorkspaceKit */; };
		A100000000000000000000A8 /* CLIKit in Frameworks */ = {isa = PBXBuildFile; productRef = A100000000000000000000AB /* CLIKit */; };
		A100000000000000000000A9 /* MarkdownCore in Frameworks */ = {isa = PBXBuildFile; productRef = A100000000000000000000AC /* MarkdownCore */; };
		A100000000000000000000AA /* WebAssets in Frameworks */ = {isa = PBXBuildFile; productRef = A100000000000000000000AD /* WebAssets */; };
		A100000000000000000000AF /* CLIKit in Frameworks */ = {isa = PBXBuildFile; productRef = A100000000000000000000B0 /* CLIKit */; };
		A100000000000000000000B2 /* macdown2 in Embed Helpers */ = {isa = PBXBuildFile; fileRef = A100000000000000000000A1 /* macdown2 */; settings = {ATTRIBUTES = (CodeSignOnCopy, ); }; };
/* End PBXBuildFile section */

/* Begin PBXFileReference section */
		A10000000000000000000084 /* MacDown2QuickLook.appex */ = {isa = PBXFileReference; explicitFileType = "wrapper.app-extension"; includeInIndex = 0; path = MacDown2QuickLook.appex; sourceTree = BUILT_PRODUCTS_DIR; };
		A10000000000000000000010 /* MacDown2.app */ = {isa = PBXFileReference; explicitFileType = wrapper.application; includeInIndex = 0; path = MacDown2.app; sourceTree = BUILT_PRODUCTS_DIR; };
		A100000000000000000000A1 /* macdown2 */ = {isa = PBXFileReference; explicitFileType = "compiled.mach-o.executable"; includeInIndex = 0; path = macdown2; sourceTree = BUILT_PRODUCTS_DIR; };
/* End PBXFileReference section */

/* Begin PBXFileSystemSynchronizedBuildFileExceptionSet section */
		A10000000000000000000086 /* Exceptions for "QuickLook" folder in "MacDown2QuickLook" target */ = {
			isa = PBXFileSystemSynchronizedBuildFileExceptionSet;
			membershipExceptions = (
				Info.plist,
				MacDown2QuickLook.entitlements,
			);
			target = A10000000000000000000041 /* MacDown2QuickLook */;
		};
		A10000000000000000000031 /* Exceptions for "App" folder in "MacDown2" target */ = {
			isa = PBXFileSystemSynchronizedBuildFileExceptionSet;
			membershipExceptions = (
				Info.plist,
			);
			target = A10000000000000000000040 /* MacDown2 */;
		};
/* End PBXFileSystemSynchronizedBuildFileExceptionSet section */

/* Begin PBXFileSystemSynchronizedRootGroup section */
		A10000000000000000000085 /* QuickLook */ = {
			isa = PBXFileSystemSynchronizedRootGroup;
			exceptions = (
				A10000000000000000000086 /* Exceptions for "QuickLook" folder in "MacDown2QuickLook" target */,
			);
			path = QuickLook;
			sourceTree = "<group>";
		};
		A10000000000000000000011 /* App */ = {
			isa = PBXFileSystemSynchronizedRootGroup;
			exceptions = (
				A10000000000000000000031 /* Exceptions for "App" folder in "MacDown2" target */,
			);
			path = App;
			sourceTree = "<group>";
		};
		A100000000000000000000A2 /* CLI */ = {
			isa = PBXFileSystemSynchronizedRootGroup;
			path = CLI;
			sourceTree = "<group>";
		};
/* End PBXFileSystemSynchronizedRootGroup section */

/* Begin PBXContainerItemProxy section */
		A1000000000000000000008C /* PBXContainerItemProxy */ = {
			isa = PBXContainerItemProxy;
			containerPortal = A10000000000000000000060 /* Project object */;
			proxyType = 1;
			remoteGlobalIDString = A10000000000000000000041;
			remoteInfo = MacDown2QuickLook;
		};
		A100000000000000000000B4 /* PBXContainerItemProxy */ = {
			isa = PBXContainerItemProxy;
			containerPortal = A10000000000000000000060 /* Project object */;
			proxyType = 1;
			remoteGlobalIDString = A100000000000000000000A0;
			remoteInfo = MacDown2CLI;
		};
/* End PBXContainerItemProxy section */

/* Begin PBXCopyFilesBuildPhase section */
		A1000000000000000000008A /* Embed Foundation Extensions */ = {
			isa = PBXCopyFilesBuildPhase;
			buildActionMask = 2147483647;
			dstPath = "";
			dstSubfolderSpec = 13;
			files = (
				A10000000000000000000083 /* MacDown2QuickLook.appex in Embed Foundation Extensions */,
			);
			name = "Embed Foundation Extensions";
			runOnlyForDeploymentPostprocessing = 0;
		};
		A100000000000000000000B1 /* Embed Helpers */ = {
			isa = PBXCopyFilesBuildPhase;
			buildActionMask = 2147483647;
			dstPath = Contents/Helpers;
			dstSubfolderSpec = 1;
			files = (
				A100000000000000000000B2 /* macdown2 in Embed Helpers */,
			);
			name = "Embed Helpers";
			runOnlyForDeploymentPostprocessing = 0;
		};
/* End PBXCopyFilesBuildPhase section */

/* Begin PBXFrameworksBuildPhase section */
		A10000000000000000000087 /* Frameworks */ = {
			isa = PBXFrameworksBuildPhase;
			buildActionMask = 2147483647;
			files = (
				A10000000000000000000081 /* MarkdownCore in Frameworks */,
				A10000000000000000000082 /* WebAssets in Frameworks */,
			);
			runOnlyForDeploymentPostprocessing = 0;
		};
		A10000000000000000000050 /* Frameworks */ = {
			isa = PBXFrameworksBuildPhase;
			buildActionMask = 2147483647;
			files = (
				A10000000000000000000001 /* MarkdownCore in Frameworks */,
				A10000000000000000000002 /* WebAssets in Frameworks */,
				A10000000000000000000003 /* ExtensionAPI in Frameworks */,
				A10000000000000000000004 /* EditorKit in Frameworks */,
				A10000000000000000000094 /* Sparkle in Frameworks */,
				A10000000000000000000005 /* QuartoExtension in Frameworks */,
				A10000000000000000000098 /* WorkspaceKit in Frameworks */,
				A100000000000000000000AF /* CLIKit in Frameworks */,
			);
			runOnlyForDeploymentPostprocessing = 0;
		};
		A100000000000000000000A4 /* Frameworks */ = {
			isa = PBXFrameworksBuildPhase;
			buildActionMask = 2147483647;
			files = (
				A100000000000000000000A8 /* CLIKit in Frameworks */,
				A100000000000000000000A9 /* MarkdownCore in Frameworks */,
				A100000000000000000000AA /* WebAssets in Frameworks */,
			);
			runOnlyForDeploymentPostprocessing = 0;
		};
/* End PBXFrameworksBuildPhase section */

/* Begin PBXGroup section */
		A10000000000000000000012 = {
			isa = PBXGroup;
			children = (
				A10000000000000000000011 /* App */,
				A10000000000000000000085 /* QuickLook */,
				A100000000000000000000A2 /* CLI */,
				A10000000000000000000013 /* Products */,
			);
			sourceTree = "<group>";
		};
		A10000000000000000000013 /* Products */ = {
			isa = PBXGroup;
			children = (
				A10000000000000000000010 /* MacDown2.app */,
				A10000000000000000000084 /* MacDown2QuickLook.appex */,
				A100000000000000000000A1 /* macdown2 */,
			);
			name = Products;
			sourceTree = "<group>";
		};
/* End PBXGroup section */

/* Begin PBXNativeTarget section */
		A10000000000000000000041 /* MacDown2QuickLook */ = {
			isa = PBXNativeTarget;
			buildConfigurationList = A10000000000000000000063 /* Build configuration list for PBXNativeTarget "MacDown2QuickLook" */;
			buildPhases = (
				A10000000000000000000088 /* Sources */,
				A10000000000000000000087 /* Frameworks */,
			);
			buildRules = (
			);
			dependencies = (
			);
			fileSystemSynchronizedGroups = (
				A10000000000000000000085 /* QuickLook */,
			);
			name = MacDown2QuickLook;
			packageProductDependencies = (
				A10000000000000000000091 /* MarkdownCore */,
				A10000000000000000000092 /* WebAssets */,
			);
			productName = MacDown2QuickLook;
			productReference = A10000000000000000000084 /* MacDown2QuickLook.appex */;
			productType = "com.apple.product-type.app-extension";
		};
		A10000000000000000000040 /* MacDown2 */ = {
			isa = PBXNativeTarget;
			buildConfigurationList = A10000000000000000000062 /* Build configuration list for PBXNativeTarget "MacDown2" */;
			buildPhases = (
				A10000000000000000000051 /* Sources */,
				A10000000000000000000050 /* Frameworks */,
				A10000000000000000000052 /* Resources */,
				A1000000000000000000008A /* Embed Foundation Extensions */,
				A100000000000000000000B1 /* Embed Helpers */,
				A100000000000000000000B5 /* Link Helper Resources */,
			);
			buildRules = (
			);
			dependencies = (
				A1000000000000000000008B /* PBXTargetDependency */,
				A100000000000000000000B3 /* PBXTargetDependency */,
			);
			fileSystemSynchronizedGroups = (
				A10000000000000000000011 /* App */,
			);
			name = MacDown2;
			packageProductDependencies = (
				A10000000000000000000021 /* MarkdownCore */,
				A10000000000000000000022 /* WebAssets */,
				A10000000000000000000023 /* ExtensionAPI */,
				A10000000000000000000027 /* EditorKit */,
				A10000000000000000000093 /* Sparkle */,
				A1000000000000000000002A /* QuartoExtension */,
				A10000000000000000000097 /* WorkspaceKit */,
				A100000000000000000000B0 /* CLIKit */,
			);
			productName = MacDown2;
			productReference = A10000000000000000000010 /* MacDown2.app */;
			productType = "com.apple.product-type.application";
		};
		A100000000000000000000A0 /* MacDown2CLI */ = {
			isa = PBXNativeTarget;
			buildConfigurationList = A100000000000000000000A5 /* Build configuration list for PBXNativeTarget "MacDown2CLI" */;
			buildPhases = (
				A100000000000000000000A3 /* Sources */,
				A100000000000000000000A4 /* Frameworks */,
			);
			buildRules = (
			);
			dependencies = (
			);
			fileSystemSynchronizedGroups = (
				A100000000000000000000A2 /* CLI */,
			);
			name = MacDown2CLI;
			packageProductDependencies = (
				A100000000000000000000AB /* CLIKit */,
				A100000000000000000000AC /* MarkdownCore */,
				A100000000000000000000AD /* WebAssets */,
			);
			productName = macdown2;
			productReference = A100000000000000000000A1 /* macdown2 */;
			productType = "com.apple.product-type.tool";
		};
/* End PBXNativeTarget section */

/* Begin PBXProject section */
		A10000000000000000000060 /* Project object */ = {
			isa = PBXProject;
			attributes = {
				BuildIndependentTargetsInParallel = 1;
				LastSwiftUpdateCheck = 2700;
				LastUpgradeCheck = 2700;
				TargetAttributes = {
					A10000000000000000000040 = {
						CreatedOnToolsVersion = 27.0;
					};
					A10000000000000000000041 = {
						CreatedOnToolsVersion = 27.0;
					};
					A100000000000000000000A0 = {
						CreatedOnToolsVersion = 27.0;
					};
				};
			};
			buildConfigurationList = A10000000000000000000061 /* Build configuration list for PBXProject "MacDown2" */;
			developmentRegion = en;
			hasScannedForEncodings = 0;
			knownRegions = (
				en,
				Base,
			);
			mainGroup = A10000000000000000000012;
			minimizedProjectReferenceProxies = 1;
			packageReferences = (
				A10000000000000000000024 /* XCLocalSwiftPackageReference "Packages/MarkdownCore" */,
				A10000000000000000000025 /* XCLocalSwiftPackageReference "Packages/WebAssets" */,
				A10000000000000000000026 /* XCLocalSwiftPackageReference "Packages/ExtensionAPI" */,
				A10000000000000000000028 /* XCLocalSwiftPackageReference "Packages/EditorKit" */,
				A10000000000000000000029 /* XCRemoteSwiftPackageReference "Sparkle" */,
				A10000000000000000000095 /* XCLocalSwiftPackageReference "Packages/QuartoExtension" */,
				A10000000000000000000096 /* XCLocalSwiftPackageReference "Packages/WorkspaceKit" */,
				A100000000000000000000AE /* XCLocalSwiftPackageReference "Packages/CLIKit" */,
			);
			productRefGroup = A10000000000000000000013 /* Products */;
			projectDirPath = "";
			projectRoot = "";
			targets = (
				A10000000000000000000040 /* MacDown2 */,
				A10000000000000000000041 /* MacDown2QuickLook */,
				A100000000000000000000A0 /* MacDown2CLI */,
			);
		};
/* End PBXProject section */

/* Begin PBXResourcesBuildPhase section */
		A10000000000000000000052 /* Resources */ = {
			isa = PBXResourcesBuildPhase;
			buildActionMask = 2147483647;
			files = (
			);
			runOnlyForDeploymentPostprocessing = 0;
		};
/* End PBXResourcesBuildPhase section */

/* Begin PBXShellScriptBuildPhase section */
		A100000000000000000000B5 /* Link Helper Resources */ = {
			isa = PBXShellScriptBuildPhase;
			buildActionMask = 2147483647;
			files = (
			);
			inputFileListPaths = (
			);
			inputPaths = (
			);
			name = "Link Helper Resources";
			outputFileListPaths = (
			);
			outputPaths = (
				"$(TARGET_BUILD_DIR)/$(CONTENTS_FOLDER_PATH)/Helpers/WebAssets_WebAssets.bundle",
			);
			runOnlyForDeploymentPostprocessing = 0;
			shellPath = /bin/sh;
			shellScript = "# macdown2 finds its web assets (SwiftPM resource bundle) next to itself; share the app's copy instead of shipping 5 MB twice.\nln -sfhn ../Resources/WebAssets_WebAssets.bundle \"$TARGET_BUILD_DIR/$CONTENTS_FOLDER_PATH/Helpers/WebAssets_WebAssets.bundle\"\n";
		};
/* End PBXShellScriptBuildPhase section */

/* Begin PBXSourcesBuildPhase section */
		A10000000000000000000088 /* Sources */ = {
			isa = PBXSourcesBuildPhase;
			buildActionMask = 2147483647;
			files = (
			);
			runOnlyForDeploymentPostprocessing = 0;
		};
		A10000000000000000000051 /* Sources */ = {
			isa = PBXSourcesBuildPhase;
			buildActionMask = 2147483647;
			files = (
			);
			runOnlyForDeploymentPostprocessing = 0;
		};
		A100000000000000000000A3 /* Sources */ = {
			isa = PBXSourcesBuildPhase;
			buildActionMask = 2147483647;
			files = (
			);
			runOnlyForDeploymentPostprocessing = 0;
		};
/* End PBXSourcesBuildPhase section */

/* Begin PBXTargetDependency section */
		A1000000000000000000008B /* PBXTargetDependency */ = {
			isa = PBXTargetDependency;
			target = A10000000000000000000041 /* MacDown2QuickLook */;
			targetProxy = A1000000000000000000008C /* PBXContainerItemProxy */;
		};
		A100000000000000000000B3 /* PBXTargetDependency */ = {
			isa = PBXTargetDependency;
			target = A100000000000000000000A0 /* MacDown2CLI */;
			targetProxy = A100000000000000000000B4 /* PBXContainerItemProxy */;
		};
/* End PBXTargetDependency section */

/* Begin XCBuildConfiguration section */
		A10000000000000000000074 /* Debug */ = {
			isa = XCBuildConfiguration;
			buildSettings = {
				CODE_SIGN_ENTITLEMENTS = QuickLook/MacDown2QuickLook.entitlements;
				CODE_SIGN_IDENTITY = "-";
				CODE_SIGN_STYLE = Manual;
				CURRENT_PROJECT_VERSION = 1;
				ENABLE_APP_SANDBOX = YES;
				ENABLE_HARDENED_RUNTIME = NO;
				GENERATE_INFOPLIST_FILE = YES;
				INFOPLIST_FILE = QuickLook/Info.plist;
				INFOPLIST_KEY_CFBundleDisplayName = "MacDown2 Quick Look";
				LD_RUNPATH_SEARCH_PATHS = (
					"$(inherited)",
					"@executable_path/../Frameworks",
					"@executable_path/../../../../Frameworks",
				);
				MARKETING_VERSION = 0.0.1;
				PRODUCT_BUNDLE_IDENTIFIER = io.github.xuanji86.MacDown2.QuickLook;
				PRODUCT_NAME = "$(TARGET_NAME)";
				SKIP_INSTALL = YES;
				SWIFT_VERSION = 6.0;
			};
			name = Debug;
		};
		A10000000000000000000075 /* Release */ = {
			isa = XCBuildConfiguration;
			buildSettings = {
				CODE_SIGN_ENTITLEMENTS = QuickLook/MacDown2QuickLook.entitlements;
				CODE_SIGN_IDENTITY = "-";
				CODE_SIGN_STYLE = Manual;
				CURRENT_PROJECT_VERSION = 1;
				ENABLE_APP_SANDBOX = YES;
				ENABLE_HARDENED_RUNTIME = NO;
				GENERATE_INFOPLIST_FILE = YES;
				INFOPLIST_FILE = QuickLook/Info.plist;
				INFOPLIST_KEY_CFBundleDisplayName = "MacDown2 Quick Look";
				LD_RUNPATH_SEARCH_PATHS = (
					"$(inherited)",
					"@executable_path/../Frameworks",
					"@executable_path/../../../../Frameworks",
				);
				MARKETING_VERSION = 0.0.1;
				PRODUCT_BUNDLE_IDENTIFIER = io.github.xuanji86.MacDown2.QuickLook;
				PRODUCT_NAME = "$(TARGET_NAME)";
				SKIP_INSTALL = YES;
				SWIFT_VERSION = 6.0;
			};
			name = Release;
		};
		A10000000000000000000070 /* Debug */ = {
			isa = XCBuildConfiguration;
			buildSettings = {
				ALWAYS_SEARCH_USER_PATHS = NO;
				ARCHS = "arm64 x86_64";
				CLANG_ENABLE_MODULES = YES;
				CLANG_ENABLE_OBJC_ARC = YES;
				COPY_PHASE_STRIP = NO;
				DEBUG_INFORMATION_FORMAT = dwarf;
				ENABLE_STRICT_OBJC_MSGSEND = YES;
				ENABLE_TESTABILITY = YES;
				GCC_OPTIMIZATION_LEVEL = 0;
				MACOSX_DEPLOYMENT_TARGET = 26.0;
				ONLY_ACTIVE_ARCH = YES;
				SDKROOT = macosx;
				SWIFT_ACTIVE_COMPILATION_CONDITIONS = "DEBUG $(inherited)";
				SWIFT_OPTIMIZATION_LEVEL = "-Onone";
				SWIFT_VERSION = 6.0;
			};
			name = Debug;
		};
		A10000000000000000000071 /* Release */ = {
			isa = XCBuildConfiguration;
			buildSettings = {
				ALWAYS_SEARCH_USER_PATHS = NO;
				ARCHS = "arm64 x86_64";
				CLANG_ENABLE_MODULES = YES;
				CLANG_ENABLE_OBJC_ARC = YES;
				COPY_PHASE_STRIP = NO;
				DEBUG_INFORMATION_FORMAT = "dwarf-with-dsym";
				ENABLE_NS_ASSERTIONS = NO;
				ENABLE_STRICT_OBJC_MSGSEND = YES;
				MACOSX_DEPLOYMENT_TARGET = 26.0;
				SDKROOT = macosx;
				SWIFT_COMPILATION_MODE = wholemodule;
				SWIFT_OPTIMIZATION_LEVEL = "-O";
				SWIFT_VERSION = 6.0;
			};
			name = Release;
		};
		A10000000000000000000072 /* Debug */ = {
			isa = XCBuildConfiguration;
			buildSettings = {
				CODE_SIGN_IDENTITY = "-";
				CODE_SIGN_STYLE = Manual;
				CURRENT_PROJECT_VERSION = 1;
				ENABLE_APP_SANDBOX = NO;
				ENABLE_HARDENED_RUNTIME = NO;
				GENERATE_INFOPLIST_FILE = YES;
				ASSETCATALOG_COMPILER_APPICON_NAME = AppIcon;
				INFOPLIST_FILE = App/Info.plist;
				INFOPLIST_KEY_CFBundleDisplayName = MacDown2;
				INFOPLIST_KEY_LSApplicationCategoryType = "public.app-category.developer-tools";
				INFOPLIST_KEY_NSPrincipalClass = NSApplication;
				LD_RUNPATH_SEARCH_PATHS = (
					"$(inherited)",
					"@executable_path/../Frameworks",
				);
				MARKETING_VERSION = 0.0.1;
				PRODUCT_BUNDLE_IDENTIFIER = io.github.xuanji86.MacDown2;
				PRODUCT_NAME = "$(TARGET_NAME)";
				SWIFT_VERSION = 6.0;
			};
			name = Debug;
		};
		A10000000000000000000073 /* Release */ = {
			isa = XCBuildConfiguration;
			buildSettings = {
				CODE_SIGN_IDENTITY = "-";
				CODE_SIGN_STYLE = Manual;
				CURRENT_PROJECT_VERSION = 1;
				ENABLE_APP_SANDBOX = NO;
				ENABLE_HARDENED_RUNTIME = NO;
				GENERATE_INFOPLIST_FILE = YES;
				ASSETCATALOG_COMPILER_APPICON_NAME = AppIcon;
				INFOPLIST_FILE = App/Info.plist;
				INFOPLIST_KEY_CFBundleDisplayName = MacDown2;
				INFOPLIST_KEY_LSApplicationCategoryType = "public.app-category.developer-tools";
				INFOPLIST_KEY_NSPrincipalClass = NSApplication;
				LD_RUNPATH_SEARCH_PATHS = (
					"$(inherited)",
					"@executable_path/../Frameworks",
				);
				MARKETING_VERSION = 0.0.1;
				PRODUCT_BUNDLE_IDENTIFIER = io.github.xuanji86.MacDown2;
				PRODUCT_NAME = "$(TARGET_NAME)";
				SWIFT_VERSION = 6.0;
			};
			name = Release;
		};
		A100000000000000000000A6 /* Debug */ = {
			isa = XCBuildConfiguration;
			buildSettings = {
				CODE_SIGN_IDENTITY = "-";
				CODE_SIGN_STYLE = Manual;
				ENABLE_APP_SANDBOX = NO;
				ENABLE_HARDENED_RUNTIME = NO;
				PRODUCT_MODULE_NAME = MacDown2CLI;
				PRODUCT_NAME = macdown2;
				SKIP_INSTALL = YES;
				SWIFT_VERSION = 6.0;
			};
			name = Debug;
		};
		A100000000000000000000A7 /* Release */ = {
			isa = XCBuildConfiguration;
			buildSettings = {
				CODE_SIGN_IDENTITY = "-";
				CODE_SIGN_STYLE = Manual;
				ENABLE_APP_SANDBOX = NO;
				ENABLE_HARDENED_RUNTIME = NO;
				PRODUCT_MODULE_NAME = MacDown2CLI;
				PRODUCT_NAME = macdown2;
				SKIP_INSTALL = YES;
				SWIFT_VERSION = 6.0;
			};
			name = Release;
		};
/* End XCBuildConfiguration section */

/* Begin XCConfigurationList section */
		A10000000000000000000063 /* Build configuration list for PBXNativeTarget "MacDown2QuickLook" */ = {
			isa = XCConfigurationList;
			buildConfigurations = (
				A10000000000000000000074 /* Debug */,
				A10000000000000000000075 /* Release */,
			);
			defaultConfigurationIsVisible = 0;
			defaultConfigurationName = Release;
		};
		A10000000000000000000061 /* Build configuration list for PBXProject "MacDown2" */ = {
			isa = XCConfigurationList;
			buildConfigurations = (
				A10000000000000000000070 /* Debug */,
				A10000000000000000000071 /* Release */,
			);
			defaultConfigurationIsVisible = 0;
			defaultConfigurationName = Release;
		};
		A10000000000000000000062 /* Build configuration list for PBXNativeTarget "MacDown2" */ = {
			isa = XCConfigurationList;
			buildConfigurations = (
				A10000000000000000000072 /* Debug */,
				A10000000000000000000073 /* Release */,
			);
			defaultConfigurationIsVisible = 0;
			defaultConfigurationName = Release;
		};
		A100000000000000000000A5 /* Build configuration list for PBXNativeTarget "MacDown2CLI" */ = {
			isa = XCConfigurationList;
			buildConfigurations = (
				A100000000000000000000A6 /* Debug */,
				A100000000000000000000A7 /* Release */,
			);
			defaultConfigurationIsVisible = 0;
			defaultConfigurationName = Release;
		};
/* End XCConfigurationList section */

/* Begin XCLocalSwiftPackageReference section */
		A10000000000000000000024 /* XCLocalSwiftPackageReference "Packages/MarkdownCore" */ = {
			isa = XCLocalSwiftPackageReference;
			relativePath = Packages/MarkdownCore;
		};
		A10000000000000000000025 /* XCLocalSwiftPackageReference "Packages/WebAssets" */ = {
			isa = XCLocalSwiftPackageReference;
			relativePath = Packages/WebAssets;
		};
		A10000000000000000000026 /* XCLocalSwiftPackageReference "Packages/ExtensionAPI" */ = {
			isa = XCLocalSwiftPackageReference;
			relativePath = Packages/ExtensionAPI;
		};
		A10000000000000000000028 /* XCLocalSwiftPackageReference "Packages/EditorKit" */ = {
			isa = XCLocalSwiftPackageReference;
			relativePath = Packages/EditorKit;
		};
		A10000000000000000000095 /* XCLocalSwiftPackageReference "Packages/QuartoExtension" */ = {
			isa = XCLocalSwiftPackageReference;
			relativePath = Packages/QuartoExtension;
		};
		A10000000000000000000096 /* XCLocalSwiftPackageReference "Packages/WorkspaceKit" */ = {
			isa = XCLocalSwiftPackageReference;
			relativePath = Packages/WorkspaceKit;
		};
		A100000000000000000000AE /* XCLocalSwiftPackageReference "Packages/CLIKit" */ = {
			isa = XCLocalSwiftPackageReference;
			relativePath = Packages/CLIKit;
		};
/* End XCLocalSwiftPackageReference section */

/* Begin XCRemoteSwiftPackageReference section */
		A10000000000000000000029 /* XCRemoteSwiftPackageReference "Sparkle" */ = {
			isa = XCRemoteSwiftPackageReference;
			repositoryURL = "https://github.com/sparkle-project/Sparkle";
			requirement = {
				kind = exactVersion;
				version = 2.10.0;
			};
		};
/* End XCRemoteSwiftPackageReference section */

/* Begin XCSwiftPackageProductDependency section */
		A10000000000000000000091 /* MarkdownCore */ = {
			isa = XCSwiftPackageProductDependency;
			productName = MarkdownCore;
		};
		A10000000000000000000092 /* WebAssets */ = {
			isa = XCSwiftPackageProductDependency;
			productName = WebAssets;
		};
		A10000000000000000000021 /* MarkdownCore */ = {
			isa = XCSwiftPackageProductDependency;
			productName = MarkdownCore;
		};
		A10000000000000000000022 /* WebAssets */ = {
			isa = XCSwiftPackageProductDependency;
			productName = WebAssets;
		};
		A10000000000000000000023 /* ExtensionAPI */ = {
			isa = XCSwiftPackageProductDependency;
			productName = ExtensionAPI;
		};
		A10000000000000000000027 /* EditorKit */ = {
			isa = XCSwiftPackageProductDependency;
			productName = EditorKit;
		};
		A10000000000000000000093 /* Sparkle */ = {
			isa = XCSwiftPackageProductDependency;
			package = A10000000000000000000029 /* XCRemoteSwiftPackageReference "Sparkle" */;
			productName = Sparkle;
		};
		A1000000000000000000002A /* QuartoExtension */ = {
			isa = XCSwiftPackageProductDependency;
			productName = QuartoExtension;
		};
		A10000000000000000000097 /* WorkspaceKit */ = {
			isa = XCSwiftPackageProductDependency;
			productName = WorkspaceKit;
		};
		A100000000000000000000AB /* CLIKit */ = {
			isa = XCSwiftPackageProductDependency;
			productName = CLIKit;
		};
		A100000000000000000000AC /* MarkdownCore */ = {
			isa = XCSwiftPackageProductDependency;
			productName = MarkdownCore;
		};
		A100000000000000000000AD /* WebAssets */ = {
			isa = XCSwiftPackageProductDependency;
			productName = WebAssets;
		};
		A100000000000000000000B0 /* CLIKit */ = {
			isa = XCSwiftPackageProductDependency;
			productName = CLIKit;
		};
/* End XCSwiftPackageProductDependency section */
	};
	rootObject = A10000000000000000000060 /* Project object */;
}
